
Microsoft Visual Studio Solution File, Format Version 12.00
# Visual Studio Version 16
VisualStudioVersion = 16.0.29519.87
MinimumVisualStudioVersion = 10.0.40219.1
Project("{FAE04EC0-301F-11D3-BF4B-00C04F79EFBC}") = "Virsta_Roxana_Mirabela_proiect", "Virsta_Roxana_Mirabela_proiect.csproj", "{00C67FE3-1CE9-462B-8F98-2AFB0143B557}"
EndProject
Global
	GlobalSection(SolutionConfigurationPlatforms) = preSolution
		Debug|Any CPU = Debug|Any CPU
		Release|Any CPU = Release|Any CPU
	EndGlobalSection
	GlobalSection(ProjectConfigurationPlatforms) = postSolution
		{00C67FE3-1CE9-462B-8F98-2AFB0143B557}.Debug|Any CPU.ActiveCfg = Debug|Any CPU
		{00C67FE3-1CE9-462B-8F98-2AFB0143B557}.Debug|Any CPU.Build.0 = Debug|Any CPU
		{00C67FE3-1CE9-462B-8F98-2AFB0143B557}.Release|Any CPU.ActiveCfg = Release|Any CPU
		{00C67FE3-1CE9-462B-8F98-2AFB0143B557}.Release|Any CPU.Build.0 = Release|Any CPU
	EndGlobalSection
	GlobalSection(SolutionProperties) = preSolution
		HideSolutionNode = FALSE
	EndGlobalSection
	GlobalSection(ExtensibilityGlobals) = postSolution
		SolutionGuid = {DF271A81-B9E2-4AB9-A3BE-B4D49C3C4905}
	EndGlobalSection
EndGlobal
